
Microsoft Visual Studio Solution File, Format Version 12.00
# Visual Studio Version 17
VisualStudioVersion = 17.5.33502.453
MinimumVisualStudioVersion = 10.0.40219.1
Project("{2150E333-8FDC-42A3-9474-1A3956D46DE8}") = "2_Clases y metodos estaticos", "2_Clases y metodos estaticos", "{668FFAAE-5D9C-4F71-A4AD-43BADD28888B}"
EndProject
Project("{2150E333-8FDC-42A3-9474-1A3956D46DE8}") = "Ejercicios de Slack", "Ejercicios de Slack", "{C568535F-6C89-44A9-A545-E9CF468EFF75}"
EndProject
Project("{2150E333-8FDC-42A3-9474-1A3956D46DE8}") = "8_Herencia", "8_Herencia", "{4E195C2F-3E78-4528-81DF-2D0F58332F58}"
EndProject
Project("{2150E333-8FDC-42A3-9474-1A3956D46DE8}") = "A14_Archivos", "A14_Archivos", "{BD3EE61A-C9D5-4772-983A-AEF13F2347D9}"
EndProject
Project("{2150E333-8FDC-42A3-9474-1A3956D46DE8}") = "6_Colecciones", "6_Colecciones", "{613482DB-4200-4B58-BD07-2966B8E7930E}"
EndProject
Project("{2150E333-8FDC-42A3-9474-1A3956D46DE8}") = "3_Orientado a objetos", "3_Orientado a objetos", "{1CE556E2-B666-4465-94F7-CB1E678EFF6C}"
EndProject
Project("{2150E333-8FDC-42A3-9474-1A3956D46DE8}") = "9_Polimorfismo", "9_Polimorfismo", "{B4857F45-EA9E-47F5-9F4E-56B4B317F8D2}"
EndProject
Project("{2150E333-8FDC-42A3-9474-1A3956D46DE8}") = "A19_Programacion multi-hilo y concurrencia", "A19_Programacion multi-hilo y concurrencia", "{2BDF5E2D-93E0-410C-9A33-06953480A3A9}"
EndProject
Project("{2150E333-8FDC-42A3-9474-1A3956D46DE8}") = "A11_Pruebas unitarias", "A11_Pruebas unitarias", "{8917A415-0EC6-43B9-8672-CC4629D0295E}"
EndProject
Project("{2150E333-8FDC-42A3-9474-1A3956D46DE8}") = "A15_Serializacion", "A15_Serializacion", "{FBF8647C-BFD7-4314-BE90-382FF0F815D0}"
EndProject
Project("{2150E333-8FDC-42A3-9474-1A3956D46DE8}") = "4_Sobrecarga", "4_Sobrecarga", "{CBD5A211-CD5B-4DDA-B8F9-CF5102EBBA1B}"
EndProject
Project("{2150E333-8FDC-42A3-9474-1A3956D46DE8}") = "A12_Tipos genericos", "A12_Tipos genericos", "{074F0FE9-5DBD-4B62-A786-A409E66621BF}"
EndProject
Project("{2150E333-8FDC-42A3-9474-1A3956D46DE8}") = "5_Windows Forms", "5_Windows Forms", "{F2BCBC44-0F09-4533-A326-888E10B9D5AA}"
EndProject
Project("{2150E333-8FDC-42A3-9474-1A3956D46DE8}") = "A17_Conexion a base de datos", "A17_Conexion a base de datos", "{23EADB64-68EE-4002-9012-79A7C823AA73}"
EndProject
Project("{2150E333-8FDC-42A3-9474-1A3956D46DE8}") = "A18_Delegados y expresiones lambda", "A18_Delegados y expresiones lambda", "{5CBE58C7-28DB-4C51-9EBD-00D62E39E623}"
EndProject
Project("{2150E333-8FDC-42A3-9474-1A3956D46DE8}") = "7_Encapsulamiento", "7_Encapsulamiento", "{CD1956D3-4256-41C4-BE6F-DD793CD75F62}"
EndProject
Project("{2150E333-8FDC-42A3-9474-1A3956D46DE8}") = "A20_Eventos", "A20_Eventos", "{B4FE7887-18CA-41F3-97F0-F2A330EF2D9E}"
EndProject
Project("{2150E333-8FDC-42A3-9474-1A3956D46DE8}") = "A10_Excepciones", "A10_Excepciones", "{56D55F2E-D666-4F54-8CB2-C873D7D5AD69}"
EndProject
Project("{2150E333-8FDC-42A3-9474-1A3956D46DE8}") = "A13_Interfaces", "A13_Interfaces", "{5BB6C8A3-4DD3-4640-93CB-8CB5DCE14166}"
EndProject
Project("{2150E333-8FDC-42A3-9474-1A3956D46DE8}") = "1_Introduccion", "1_Introduccion", "{5DD180CD-9516-4E52-92C0-E0369065FE50}"
EndProject
Project("{2150E333-8FDC-42A3-9474-1A3956D46DE8}") = "A16_Introduccion SQL", "A16_Introduccion SQL", "{4E242E38-C485-4D5E-9145-AC44D005FA38}"
EndProject
Project("{2150E333-8FDC-42A3-9474-1A3956D46DE8}") = "A21_Metodos de extension", "A21_Metodos de extension", "{D2BE7F98-D167-46E6-B6CE-C965FD50380F}"
EndProject
Project("{9A19103F-16F7-4668-BE54-9A1E7A4F7556}") = "Ejercicio I01", "Introduccion\Ejercicio I01\Ejercicio I01.csproj", "{CB12AB9A-D7AE-4DFB-B01D-89C7CC62C79F}"
EndProject
Project("{9A19103F-16F7-4668-BE54-9A1E7A4F7556}") = "Ejercicio I02", "Introduccion\Ejercicio I02\Ejercicio I02.csproj", "{DE9C9DEE-F584-4927-9333-A0AB9D559049}"
EndProject
Project("{9A19103F-16F7-4668-BE54-9A1E7A4F7556}") = "Ejercicio I03", "Introduccion\Ejercicio I03\Ejercicio I03.csproj", "{326D0A81-5C3E-4B18-8E98-13FD78D84E8F}"
EndProject
Project("{9A19103F-16F7-4668-BE54-9A1E7A4F7556}") = "Ejercicio I04", "Introduccion\Ejercicio I04\Ejercicio I04.csproj", "{95BA970C-C162-4946-8877-34C3D21AEA93}"
EndProject
Project("{9A19103F-16F7-4668-BE54-9A1E7A4F7556}") = "Ejercicio I05", "Introduccion\Ejercicio I05\Ejercicio I05.csproj", "{8160B35E-2C35-4B91-9731-67E965E2A232}"
EndProject
Project("{9A19103F-16F7-4668-BE54-9A1E7A4F7556}") = "Ejercicio I06", "Introduccion\Ejercicio I06\Ejercicio I06.csproj", "{896BC8B3-79F4-47D4-8E3A-1921995C9BBF}"
EndProject
Project("{9A19103F-16F7-4668-BE54-9A1E7A4F7556}") = "Ejercicio I07", "Introduccion\Ejercicio I07\Ejercicio I07.csproj", "{B0466D81-504C-4089-9BDD-406A48A6B369}"
EndProject
Project("{9A19103F-16F7-4668-BE54-9A1E7A4F7556}") = "Ejercicio I08", "Introduccion\Ejercicio I08\Ejercicio I08.csproj", "{82421C08-51E3-479E-8048-54DAA5197622}"
EndProject
Project("{9A19103F-16F7-4668-BE54-9A1E7A4F7556}") = "Ejercicio I09", "Introduccion\Ejercicio I09\Ejercicio I09.csproj", "{B01360A2-6EC3-49E1-941D-2281C93EF65A}"
EndProject
Project("{9A19103F-16F7-4668-BE54-9A1E7A4F7556}") = "Ejercicio A01", "Clases y metodos estaticos\Ejercicio A01\Ejercicio A01.csproj", "{B0E19867-4C5A-4B9E-A076-01DBF8D95860}"
EndProject
Project("{9A19103F-16F7-4668-BE54-9A1E7A4F7556}") = "Ejercicio I01", "Clases y metodos estaticos\Ejercicio I01\Ejercicio I01.csproj", "{8BCDD288-65E7-4191-8932-8266093EDD74}"
EndProject
Project("{9A19103F-16F7-4668-BE54-9A1E7A4F7556}") = "Ejercicio I02", "Clases y metodos estaticos\Ejercicio I02\Ejercicio I02.csproj", "{28ADFE54-77FB-4E33-9988-99406339B3E0}"
EndProject
Project("{9A19103F-16F7-4668-BE54-9A1E7A4F7556}") = "Ejercicio I03", "Clases y metodos estaticos\Ejercicio I03\Ejercicio I03.csproj", "{684B73C6-0DB2-44F4-9F3C-8AABE8EEDC67}"
EndProject
Project("{9A19103F-16F7-4668-BE54-9A1E7A4F7556}") = "Ejercicio I04", "Clases y metodos estaticos\Ejercicio I04\Ejercicio I04.csproj", "{0B79CFA6-F4CE-4E7E-9D5A-7FB94DD001B0}"
EndProject
Project("{9A19103F-16F7-4668-BE54-9A1E7A4F7556}") = "Ejercicio I05", "Clases y metodos estaticos\Ejercicio I05\Ejercicio I05.csproj", "{3C8B64A9-D41C-4104-B8D6-30B07B649F5F}"
EndProject
Project("{9A19103F-16F7-4668-BE54-9A1E7A4F7556}") = "Ejercicio I06", "Clases y metodos estaticos\Ejercicio I06\Ejercicio I06.csproj", "{C045BB1E-1C55-45A3-A066-7134DB2D5E96}"
EndProject
Project("{9A19103F-16F7-4668-BE54-9A1E7A4F7556}") = "Ejercicio I07", "Clases y metodos estaticos\Ejercicio I07\Ejercicio I07.csproj", "{01EB8C8E-4C08-4B6E-9022-848EC70DBA46}"
EndProject
Project("{9A19103F-16F7-4668-BE54-9A1E7A4F7556}") = "Ejercicio I08", "Clases y metodos estaticos\Ejercicio I08\Ejercicio I08.csproj", "{68A25C52-BBF9-401B-9D33-01605896634F}"
EndProject
Project("{2150E333-8FDC-42A3-9474-1A3956D46DE8}") = "Ejercicio I01", "Ejercicio I01", "{E6778FC7-26D3-4DDA-83D0-AE84BAC6E84E}"
EndProject
Project("{9A19103F-16F7-4668-BE54-9A1E7A4F7556}") = "Banco", "Orientado a objetos\Ejercicio I01\Banco\Banco.csproj", "{2494485E-FE2F-4714-B135-855EAC683532}"
EndProject
Project("{9A19103F-16F7-4668-BE54-9A1E7A4F7556}") = "ClasesBanco", "Orientado a objetos\Ejercicio I01\Clases\ClasesBanco.csproj", "{D69A4B9B-F2FE-43D4-BD0C-16E9E0F5D0AC}"
EndProject
Project("{2150E333-8FDC-42A3-9474-1A3956D46DE8}") = "Ejercicio I02", "Ejercicio I02", "{642705F4-9BDF-4D6E-8667-C2FC1FCD53D0}"
EndProject
Project("{2150E333-8FDC-42A3-9474-1A3956D46DE8}") = "Ejercicio I03", "Ejercicio I03", "{4D4E5DA0-722B-4B96-821B-8A38422B5156}"
EndProject
Project("{2150E333-8FDC-42A3-9474-1A3956D46DE8}") = "Ejercicio I04", "Ejercicio I04", "{97C57ECF-0AEB-41CF-BA15-9383ADAA239D}"
EndProject
Project("{2150E333-8FDC-42A3-9474-1A3956D46DE8}") = "Ejercicio I05", "Ejercicio I05", "{35258254-D91F-4F08-906D-B611AB41D1E1}"
EndProject
Project("{2150E333-8FDC-42A3-9474-1A3956D46DE8}") = "Ejercicio A01", "Ejercicio A01", "{D9CF3FD9-07F3-47D9-9BC0-6F5D2FD7E271}"
EndProject
Project("{2150E333-8FDC-42A3-9474-1A3956D46DE8}") = "Ejercicio A02", "Ejercicio A02", "{B3A6F4ED-9BB1-4DB1-A760-165CB03F6504}"
EndProject
Project("{9A19103F-16F7-4668-BE54-9A1E7A4F7556}") = "Primaveras", "Orientado a objetos\Ejercicio I02\Console\Primaveras.csproj", "{037CC550-0034-4394-9C84-B372B4E6BAD8}"
EndProject
Project("{9A19103F-16F7-4668-BE54-9A1E7A4F7556}") = "ClasesPrimavera", "Orientado a objetos\Ejercicio I02\ClassLibrary\ClasesPrimavera.csproj", "{35E7039C-118C-4D6C-BF31-FBEC8E2EFFF6}"
EndProject
Project("{9A19103F-16F7-4668-BE54-9A1E7A4F7556}") = "EjemploUniversal", "Orientado a objetos\Ejercicio I03\EjemploUniversal\EjemploUniversal.csproj", "{BCCF940B-47EE-46D8-8717-3FD618DFFA23}"
EndProject
Project("{9A19103F-16F7-4668-BE54-9A1E7A4F7556}") = "ClasesEjemploUniversal", "Orientado a objetos\Ejercicio I03\ClasesEjemploUniversal\ClasesEjemploUniversal.csproj", "{C09BF83D-FFF3-496C-B190-3DD3CDD613E2}"
EndProject
Project("{2150E333-8FDC-42A3-9474-1A3956D46DE8}") = "Ejercicio I01", "Ejercicio I01", "{1C88899E-2ED8-4E1A-AFA7-43B7A6990138}"
EndProject
Project("{2150E333-8FDC-42A3-9474-1A3956D46DE8}") = "Ejercicio I02", "Ejercicio I02", "{E2F1FF8B-E2F6-40B8-8B3D-64801C7D9907}"
EndProject
Project("{2150E333-8FDC-42A3-9474-1A3956D46DE8}") = "Ejercicio C01", "Ejercicio C01", "{7A025C26-540B-4A0F-8FFD-7DF0DBC0C013}"
EndProject
Project("{2150E333-8FDC-42A3-9474-1A3956D46DE8}") = "Ejercicio C02", "Ejercicio C02", "{40399DEA-08ED-47D4-BB70-0678DF993D1E}"
EndProject
Project("{2150E333-8FDC-42A3-9474-1A3956D46DE8}") = "Ejercicio A01", "Ejercicio A01", "{91CF6261-A282-4C5E-BCA1-297181524A58}"
EndProject
Project("{FAE04EC0-301F-11D3-BF4B-00C04F79EFBC}") = "Sumador", "Sobrecarga\Ejercicio I01\Sumador\Sumador.csproj", "{C6678C6C-3540-40E6-BCA4-5A6F02F7210D}"
EndProject
Project("{FAE04EC0-301F-11D3-BF4B-00C04F79EFBC}") = "ClassSumador", "Sobrecarga\ClassSumador\ClassSumador.csproj", "{853C3FF1-3FB4-4359-992D-2936280B97FE}"
EndProject
Project("{2150E333-8FDC-42A3-9474-1A3956D46DE8}") = "Extras", "Extras", "{8B87C3CC-D7B4-4068-8ECD-56879169015C}"
EndProject
Project("{2150E333-8FDC-42A3-9474-1A3956D46DE8}") = "LINQ", "LINQ", "{BE00EEAC-EF00-4358-892C-F5F476232C06}"
EndProject
Project("{2150E333-8FDC-42A3-9474-1A3956D46DE8}") = "Introduccion", "Introduccion", "{EE19751E-FD11-4487-8AAF-A57BD7E7BAFA}"
EndProject
Project("{FAE04EC0-301F-11D3-BF4B-00C04F79EFBC}") = "IntroduccionLINQ", "Extras\LINQ\Introduccion\IntroduccionLINQ\IntroduccionLINQ.csproj", "{38B72B6B-354C-47C7-93C4-12251A75FF8E}"
EndProject
Global
	GlobalSection(SolutionConfigurationPlatforms) = preSolution
		Debug|Any CPU = Debug|Any CPU
		Release|Any CPU = Release|Any CPU
	EndGlobalSection
	GlobalSection(ProjectConfigurationPlatforms) = postSolution
		{CB12AB9A-D7AE-4DFB-B01D-89C7CC62C79F}.Debug|Any CPU.ActiveCfg = Debug|Any CPU
		{CB12AB9A-D7AE-4DFB-B01D-89C7CC62C79F}.Debug|Any CPU.Build.0 = Debug|Any CPU
		{CB12AB9A-D7AE-4DFB-B01D-89C7CC62C79F}.Release|Any CPU.ActiveCfg = Release|Any CPU
		{CB12AB9A-D7AE-4DFB-B01D-89C7CC62C79F}.Release|Any CPU.Build.0 = Release|Any CPU
		{DE9C9DEE-F584-4927-9333-A0AB9D559049}.Debug|Any CPU.ActiveCfg = Debug|Any CPU
		{DE9C9DEE-F584-4927-9333-A0AB9D559049}.Debug|Any CPU.Build.0 = Debug|Any CPU
		{DE9C9DEE-F584-4927-9333-A0AB9D559049}.Release|Any CPU.ActiveCfg = Release|Any CPU
		{DE9C9DEE-F584-4927-9333-A0AB9D559049}.Release|Any CPU.Build.0 = Release|Any CPU
		{326D0A81-5C3E-4B18-8E98-13FD78D84E8F}.Debug|Any CPU.ActiveCfg = Debug|Any CPU
		{326D0A81-5C3E-4B18-8E98-13FD78D84E8F}.Debug|Any CPU.Build.0 = Debug|Any CPU
		{326D0A81-5C3E-4B18-8E98-13FD78D84E8F}.Release|Any CPU.ActiveCfg = Release|Any CPU
		{326D0A81-5C3E-4B18-8E98-13FD78D84E8F}.Release|Any CPU.Build.0 = Release|Any CPU
		{95BA970C-C162-4946-8877-34C3D21AEA93}.Debug|Any CPU.ActiveCfg = Debug|Any CPU
		{95BA970C-C162-4946-8877-34C3D21AEA93}.Debug|Any CPU.Build.0 = Debug|Any CPU
		{95BA970C-C162-4946-8877-34C3D21AEA93}.Release|Any CPU.ActiveCfg = Release|Any CPU
		{95BA970C-C162-4946-8877-34C3D21AEA93}.Release|Any CPU.Build.0 = Release|Any CPU
		{8160B35E-2C35-4B91-9731-67E965E2A232}.Debug|Any CPU.ActiveCfg = Debug|Any CPU
		{8160B35E-2C35-4B91-9731-67E965E2A232}.Debug|Any CPU.Build.0 = Debug|Any CPU
		{8160B35E-2C35-4B91-9731-67E965E2A232}.Release|Any CPU.ActiveCfg = Release|Any CPU
		{8160B35E-2C35-4B91-9731-67E965E2A232}.Release|Any CPU.Build.0 = Release|Any CPU
		{896BC8B3-79F4-47D4-8E3A-1921995C9BBF}.Debug|Any CPU.ActiveCfg = Debug|Any CPU
		{896BC8B3-79F4-47D4-8E3A-1921995C9BBF}.Debug|Any CPU.Build.0 = Debug|Any CPU
		{896BC8B3-79F4-47D4-8E3A-1921995C9BBF}.Release|Any CPU.ActiveCfg = Release|Any CPU
		{896BC8B3-79F4-47D4-8E3A-1921995C9BBF}.Release|Any CPU.Build.0 = Release|Any CPU
		{B0466D81-504C-4089-9BDD-406A48A6B369}.Debug|Any CPU.ActiveCfg = Debug|Any CPU
		{B0466D81-504C-4089-9BDD-406A48A6B369}.Debug|Any CPU.Build.0 = Debug|Any CPU
		{B0466D81-504C-4089-9BDD-406A48A6B369}.Release|Any CPU.ActiveCfg = Release|Any CPU
		{B0466D81-504C-4089-9BDD-406A48A6B369}.Release|Any CPU.Build.0 = Release|Any CPU
		{82421C08-51E3-479E-8048-54DAA5197622}.Debug|Any CPU.ActiveCfg = Debug|Any CPU
		{82421C08-51E3-479E-8048-54DAA5197622}.Debug|Any CPU.Build.0 = Debug|Any CPU
		{82421C08-51E3-479E-8048-54DAA5197622}.Release|Any CPU.ActiveCfg = Release|Any CPU
		{82421C08-51E3-479E-8048-54DAA5197622}.Release|Any CPU.Build.0 = Release|Any CPU
		{B01360A2-6EC3-49E1-941D-2281C93EF65A}.Debug|Any CPU.ActiveCfg = Debug|Any CPU
		{B01360A2-6EC3-49E1-941D-2281C93EF65A}.Debug|Any CPU.Build.0 = Debug|Any CPU
		{B01360A2-6EC3-49E1-941D-2281C93EF65A}.Release|Any CPU.ActiveCfg = Release|Any CPU
		{B01360A2-6EC3-49E1-941D-2281C93EF65A}.Release|Any CPU.Build.0 = Release|Any CPU
		{B0E19867-4C5A-4B9E-A076-01DBF8D95860}.Debug|Any CPU.ActiveCfg = Debug|Any CPU
		{B0E19867-4C5A-4B9E-A076-01DBF8D95860}.Debug|Any CPU.Build.0 = Debug|Any CPU
		{B0E19867-4C5A-4B9E-A076-01DBF8D95860}.Release|Any CPU.ActiveCfg = Release|Any CPU
		{B0E19867-4C5A-4B9E-A076-01DBF8D95860}.Release|Any CPU.Build.0 = Release|Any CPU
		{8BCDD288-65E7-4191-8932-8266093EDD74}.Debug|Any CPU.ActiveCfg = Debug|Any CPU
		{8BCDD288-65E7-4191-8932-8266093EDD74}.Debug|Any CPU.Build.0 = Debug|Any CPU
		{8BCDD288-65E7-4191-8932-8266093EDD74}.Release|Any CPU.ActiveCfg = Release|Any CPU
		{8BCDD288-65E7-4191-8932-8266093EDD74}.Release|Any CPU.Build.0 = Release|Any CPU
		{28ADFE54-77FB-4E33-9988-99406339B3E0}.Debug|Any CPU.ActiveCfg = Debug|Any CPU
		{28ADFE54-77FB-4E33-9988-99406339B3E0}.Debug|Any CPU.Build.0 = Debug|Any CPU
		{28ADFE54-77FB-4E33-9988-99406339B3E0}.Release|Any CPU.ActiveCfg = Release|Any CPU
		{28ADFE54-77FB-4E33-9988-99406339B3E0}.Release|Any CPU.Build.0 = Release|Any CPU
		{684B73C6-0DB2-44F4-9F3C-8AABE8EEDC67}.Debug|Any CPU.ActiveCfg = Debug|Any CPU
		{684B73C6-0DB2-44F4-9F3C-8AABE8EEDC67}.Debug|Any CPU.Build.0 = Debug|Any CPU
		{684B73C6-0DB2-44F4-9F3C-8AABE8EEDC67}.Release|Any CPU.ActiveCfg = Release|Any CPU
		{684B73C6-0DB2-44F4-9F3C-8AABE8EEDC67}.Release|Any CPU.Build.0 = Release|Any CPU
		{0B79CFA6-F4CE-4E7E-9D5A-7FB94DD001B0}.Debug|Any CPU.ActiveCfg = Debug|Any CPU
		{0B79CFA6-F4CE-4E7E-9D5A-7FB94DD001B0}.Debug|Any CPU.Build.0 = Debug|Any CPU
		{0B79CFA6-F4CE-4E7E-9D5A-7FB94DD001B0}.Release|Any CPU.ActiveCfg = Release|Any CPU
		{0B79CFA6-F4CE-4E7E-9D5A-7FB94DD001B0}.Release|Any CPU.Build.0 = Release|Any CPU
		{3C8B64A9-D41C-4104-B8D6-30B07B649F5F}.Debug|Any CPU.ActiveCfg = Debug|Any CPU
		{3C8B64A9-D41C-4104-B8D6-30B07B649F5F}.Debug|Any CPU.Build.0 = Debug|Any CPU
		{3C8B64A9-D41C-4104-B8D6-30B07B649F5F}.Release|Any CPU.ActiveCfg = Release|Any CPU
		{3C8B64A9-D41C-4104-B8D6-30B07B649F5F}.Release|Any CPU.Build.0 = Release|Any CPU
		{C045BB1E-1C55-45A3-A066-7134DB2D5E96}.Debug|Any CPU.ActiveCfg = Debug|Any CPU
		{C045BB1E-1C55-45A3-A066-7134DB2D5E96}.Debug|Any CPU.Build.0 = Debug|Any CPU
		{C045BB1E-1C55-45A3-A066-7134DB2D5E96}.Release|Any CPU.ActiveCfg = Release|Any CPU
		{C045BB1E-1C55-45A3-A066-7134DB2D5E96}.Release|Any CPU.Build.0 = Release|Any CPU
		{01EB8C8E-4C08-4B6E-9022-848EC70DBA46}.Debug|Any CPU.ActiveCfg = Debug|Any CPU
		{01EB8C8E-4C08-4B6E-9022-848EC70DBA46}.Debug|Any CPU.Build.0 = Debug|Any CPU
		{01EB8C8E-4C08-4B6E-9022-848EC70DBA46}.Release|Any CPU.ActiveCfg = Release|Any CPU
		{01EB8C8E-4C08-4B6E-9022-848EC70DBA46}.Release|Any CPU.Build.0 = Release|Any CPU
		{68A25C52-BBF9-401B-9D33-01605896634F}.Debug|Any CPU.ActiveCfg = Debug|Any CPU
		{68A25C52-BBF9-401B-9D33-01605896634F}.Debug|Any CPU.Build.0 = Debug|Any CPU
		{68A25C52-BBF9-401B-9D33-01605896634F}.Release|Any CPU.ActiveCfg = Release|Any CPU
		{68A25C52-BBF9-401B-9D33-01605896634F}.Release|Any CPU.Build.0 = Release|Any CPU
		{2494485E-FE2F-4714-B135-855EAC683532}.Debug|Any CPU.ActiveCfg = Debug|Any CPU
		{2494485E-FE2F-4714-B135-855EAC683532}.Debug|Any CPU.Build.0 = Debug|Any CPU
		{2494485E-FE2F-4714-B135-855EAC683532}.Release|Any CPU.ActiveCfg = Release|Any CPU
		{2494485E-FE2F-4714-B135-855EAC683532}.Release|Any CPU.Build.0 = Release|Any CPU
		{D69A4B9B-F2FE-43D4-BD0C-16E9E0F5D0AC}.Debug|Any CPU.ActiveCfg = Debug|Any CPU
		{D69A4B9B-F2FE-43D4-BD0C-16E9E0F5D0AC}.Debug|Any CPU.Build.0 = Debug|Any CPU
		{D69A4B9B-F2FE-43D4-BD0C-16E9E0F5D0AC}.Release|Any CPU.ActiveCfg = Release|Any CPU
		{D69A4B9B-F2FE-43D4-BD0C-16E9E0F5D0AC}.Release|Any CPU.Build.0 = Release|Any CPU
		{037CC550-0034-4394-9C84-B372B4E6BAD8}.Debug|Any CPU.ActiveCfg = Debug|Any CPU
		{037CC550-0034-4394-9C84-B372B4E6BAD8}.Debug|Any CPU.Build.0 = Debug|Any CPU
		{037CC550-0034-4394-9C84-B372B4E6BAD8}.Release|Any CPU.ActiveCfg = Release|Any CPU
		{037CC550-0034-4394-9C84-B372B4E6BAD8}.Release|Any CPU.Build.0 = Release|Any CPU
		{35E7039C-118C-4D6C-BF31-FBEC8E2EFFF6}.Debug|Any CPU.ActiveCfg = Debug|Any CPU
		{35E7039C-118C-4D6C-BF31-FBEC8E2EFFF6}.Debug|Any CPU.Build.0 = Debug|Any CPU
		{35E7039C-118C-4D6C-BF31-FBEC8E2EFFF6}.Release|Any CPU.ActiveCfg = Release|Any CPU
		{35E7039C-118C-4D6C-BF31-FBEC8E2EFFF6}.Release|Any CPU.Build.0 = Release|Any CPU
		{BCCF940B-47EE-46D8-8717-3FD618DFFA23}.Debug|Any CPU.ActiveCfg = Debug|Any CPU
		{BCCF940B-47EE-46D8-8717-3FD618DFFA23}.Debug|Any CPU.Build.0 = Debug|Any CPU
		{BCCF940B-47EE-46D8-8717-3FD618DFFA23}.Release|Any CPU.ActiveCfg = Release|Any CPU
		{BCCF940B-47EE-46D8-8717-3FD618DFFA23}.Release|Any CPU.Build.0 = Release|Any CPU
		{C09BF83D-FFF3-496C-B190-3DD3CDD613E2}.Debug|Any CPU.ActiveCfg = Debug|Any CPU
		{C09BF83D-FFF3-496C-B190-3DD3CDD613E2}.Debug|Any CPU.Build.0 = Debug|Any CPU
		{C09BF83D-FFF3-496C-B190-3DD3CDD613E2}.Release|Any CPU.ActiveCfg = Release|Any CPU
		{C09BF83D-FFF3-496C-B190-3DD3CDD613E2}.Release|Any CPU.Build.0 = Release|Any CPU
		{C6678C6C-3540-40E6-BCA4-5A6F02F7210D}.Debug|Any CPU.ActiveCfg = Debug|Any CPU
		{C6678C6C-3540-40E6-BCA4-5A6F02F7210D}.Debug|Any CPU.Build.0 = Debug|Any CPU
		{C6678C6C-3540-40E6-BCA4-5A6F02F7210D}.Release|Any CPU.ActiveCfg = Release|Any CPU
		{C6678C6C-3540-40E6-BCA4-5A6F02F7210D}.Release|Any CPU.Build.0 = Release|Any CPU
		{853C3FF1-3FB4-4359-992D-2936280B97FE}.Debug|Any CPU.ActiveCfg = Debug|Any CPU
		{853C3FF1-3FB4-4359-992D-2936280B97FE}.Debug|Any CPU.Build.0 = Debug|Any CPU
		{853C3FF1-3FB4-4359-992D-2936280B97FE}.Release|Any CPU.ActiveCfg = Release|Any CPU
		{853C3FF1-3FB4-4359-992D-2936280B97FE}.Release|Any CPU.Build.0 = Release|Any CPU
		{38B72B6B-354C-47C7-93C4-12251A75FF8E}.Debug|Any CPU.ActiveCfg = Debug|Any CPU
		{38B72B6B-354C-47C7-93C4-12251A75FF8E}.Debug|Any CPU.Build.0 = Debug|Any CPU
		{38B72B6B-354C-47C7-93C4-12251A75FF8E}.Release|Any CPU.ActiveCfg = Release|Any CPU
		{38B72B6B-354C-47C7-93C4-12251A75FF8E}.Release|Any CPU.Build.0 = Release|Any CPU
	EndGlobalSection
	GlobalSection(SolutionProperties) = preSolution
		HideSolutionNode = FALSE
	EndGlobalSection
	GlobalSection(NestedProjects) = preSolution
		{CB12AB9A-D7AE-4DFB-B01D-89C7CC62C79F} = {5DD180CD-9516-4E52-92C0-E0369065FE50}
		{DE9C9DEE-F584-4927-9333-A0AB9D559049} = {5DD180CD-9516-4E52-92C0-E0369065FE50}
		{326D0A81-5C3E-4B18-8E98-13FD78D84E8F} = {5DD180CD-9516-4E52-92C0-E0369065FE50}
		{95BA970C-C162-4946-8877-34C3D21AEA93} = {5DD180CD-9516-4E52-92C0-E0369065FE50}
		{8160B35E-2C35-4B91-9731-67E965E2A232} = {5DD180CD-9516-4E52-92C0-E0369065FE50}
		{896BC8B3-79F4-47D4-8E3A-1921995C9BBF} = {5DD180CD-9516-4E52-92C0-E0369065FE50}
		{B0466D81-504C-4089-9BDD-406A48A6B369} = {5DD180CD-9516-4E52-92C0-E0369065FE50}
		{82421C08-51E3-479E-8048-54DAA5197622} = {5DD180CD-9516-4E52-92C0-E0369065FE50}
		{B01360A2-6EC3-49E1-941D-2281C93EF65A} = {5DD180CD-9516-4E52-92C0-E0369065FE50}
		{B0E19867-4C5A-4B9E-A076-01DBF8D95860} = {668FFAAE-5D9C-4F71-A4AD-43BADD28888B}
		{8BCDD288-65E7-4191-8932-8266093EDD74} = {668FFAAE-5D9C-4F71-A4AD-43BADD28888B}
		{28ADFE54-77FB-4E33-9988-99406339B3E0} = {668FFAAE-5D9C-4F71-A4AD-43BADD28888B}
		{684B73C6-0DB2-44F4-9F3C-8AABE8EEDC67} = {668FFAAE-5D9C-4F71-A4AD-43BADD28888B}
		{0B79CFA6-F4CE-4E7E-9D5A-7FB94DD001B0} = {668FFAAE-5D9C-4F71-A4AD-43BADD28888B}
		{3C8B64A9-D41C-4104-B8D6-30B07B649F5F} = {668FFAAE-5D9C-4F71-A4AD-43BADD28888B}
		{C045BB1E-1C55-45A3-A066-7134DB2D5E96} = {668FFAAE-5D9C-4F71-A4AD-43BADD28888B}
		{01EB8C8E-4C08-4B6E-9022-848EC70DBA46} = {668FFAAE-5D9C-4F71-A4AD-43BADD28888B}
		{68A25C52-BBF9-401B-9D33-01605896634F} = {668FFAAE-5D9C-4F71-A4AD-43BADD28888B}
		{E6778FC7-26D3-4DDA-83D0-AE84BAC6E84E} = {1CE556E2-B666-4465-94F7-CB1E678EFF6C}
		{2494485E-FE2F-4714-B135-855EAC683532} = {E6778FC7-26D3-4DDA-83D0-AE84BAC6E84E}
		{D69A4B9B-F2FE-43D4-BD0C-16E9E0F5D0AC} = {E6778FC7-26D3-4DDA-83D0-AE84BAC6E84E}
		{642705F4-9BDF-4D6E-8667-C2FC1FCD53D0} = {1CE556E2-B666-4465-94F7-CB1E678EFF6C}
		{4D4E5DA0-722B-4B96-821B-8A38422B5156} = {1CE556E2-B666-4465-94F7-CB1E678EFF6C}
		{97C57ECF-0AEB-41CF-BA15-9383ADAA239D} = {1CE556E2-B666-4465-94F7-CB1E678EFF6C}
		{35258254-D91F-4F08-906D-B611AB41D1E1} = {1CE556E2-B666-4465-94F7-CB1E678EFF6C}
		{D9CF3FD9-07F3-47D9-9BC0-6F5D2FD7E271} = {1CE556E2-B666-4465-94F7-CB1E678EFF6C}
		{B3A6F4ED-9BB1-4DB1-A760-165CB03F6504} = {1CE556E2-B666-4465-94F7-CB1E678EFF6C}
		{037CC550-0034-4394-9C84-B372B4E6BAD8} = {642705F4-9BDF-4D6E-8667-C2FC1FCD53D0}
		{35E7039C-118C-4D6C-BF31-FBEC8E2EFFF6} = {642705F4-9BDF-4D6E-8667-C2FC1FCD53D0}
		{BCCF940B-47EE-46D8-8717-3FD618DFFA23} = {4D4E5DA0-722B-4B96-821B-8A38422B5156}
		{C09BF83D-FFF3-496C-B190-3DD3CDD613E2} = {4D4E5DA0-722B-4B96-821B-8A38422B5156}
		{1C88899E-2ED8-4E1A-AFA7-43B7A6990138} = {CBD5A211-CD5B-4DDA-B8F9-CF5102EBBA1B}
		{E2F1FF8B-E2F6-40B8-8B3D-64801C7D9907} = {CBD5A211-CD5B-4DDA-B8F9-CF5102EBBA1B}
		{7A025C26-540B-4A0F-8FFD-7DF0DBC0C013} = {CBD5A211-CD5B-4DDA-B8F9-CF5102EBBA1B}
		{40399DEA-08ED-47D4-BB70-0678DF993D1E} = {CBD5A211-CD5B-4DDA-B8F9-CF5102EBBA1B}
		{91CF6261-A282-4C5E-BCA1-297181524A58} = {CBD5A211-CD5B-4DDA-B8F9-CF5102EBBA1B}
		{C6678C6C-3540-40E6-BCA4-5A6F02F7210D} = {1C88899E-2ED8-4E1A-AFA7-43B7A6990138}
		{853C3FF1-3FB4-4359-992D-2936280B97FE} = {1C88899E-2ED8-4E1A-AFA7-43B7A6990138}
		{BE00EEAC-EF00-4358-892C-F5F476232C06} = {8B87C3CC-D7B4-4068-8ECD-56879169015C}
		{EE19751E-FD11-4487-8AAF-A57BD7E7BAFA} = {BE00EEAC-EF00-4358-892C-F5F476232C06}
		{38B72B6B-354C-47C7-93C4-12251A75FF8E} = {EE19751E-FD11-4487-8AAF-A57BD7E7BAFA}
	EndGlobalSection
	GlobalSection(ExtensibilityGlobals) = postSolution
		SolutionGuid = {EA4A4A6C-1F26-4293-A296-93847F70A95B}
	EndGlobalSection
EndGlobal
